
Microsoft Visual Studio Solution File, Format Version 12.00
# Visual Studio 15
VisualStudioVersion = 15.0.26430.14
MinimumVisualStudioVersion = 10.0.40219.1
Project("{8BC9CEB8-8B4A-11D0-8D11-00A0C91BC942}") = "universeL", "UniverseL\UniverseL.vcxproj", "{EB61010B-257F-435D-9FE7-DA0E735C4C26}"
EndProject
Project("{8BC9CEB8-8B4A-11D0-8D11-00A0C91BC942}") = "infuse", "infuse\infuse.vcxproj", "{71C12505-EEB0-4D91-BBD7-0287B5428395}"
EndProject
Project("{2150E333-8FDC-42A3-9474-1A3956D46DE8}") = "Solution Items", "Solution Items", "{35F65D96-B9A2-419B-BFED-B348E3399568}"
	ProjectSection(SolutionItems) = preProject
		.gitattributes = .gitattributes
		.gitignore = .gitignore
		README.md = README.md
	EndProjectSection
EndProject
Global
	GlobalSection(SolutionConfigurationPlatforms) = preSolution
		Debug|x64 = Debug|x64
		Debug|x86 = Debug|x86
		Release|x64 = Release|x64
		Release|x86 = Release|x86
	EndGlobalSection
	GlobalSection(ProjectConfigurationPlatforms) = postSolution
		{EB61010B-257F-435D-9FE7-DA0E735C4C26}.Debug|x64.ActiveCfg = Debug|x64
		{EB61010B-257F-435D-9FE7-DA0E735C4C26}.Debug|x64.Build.0 = Debug|x64
		{EB61010B-257F-435D-9FE7-DA0E735C4C26}.Debug|x86.ActiveCfg = Debug|Win32
		{EB61010B-257F-435D-9FE7-DA0E735C4C26}.Debug|x86.Build.0 = Debug|Win32
		{EB61010B-257F-435D-9FE7-DA0E735C4C26}.Release|x64.ActiveCfg = Release|x64
		{EB61010B-257F-435D-9FE7-DA0E735C4C26}.Release|x64.Build.0 = Release|x64
		{EB61010B-257F-435D-9FE7-DA0E735C4C26}.Release|x86.ActiveCfg = Release|Win32
		{EB61010B-257F-435D-9FE7-DA0E735C4C26}.Release|x86.Build.0 = Release|Win32
		{71C12505-EEB0-4D91-BBD7-0287B5428395}.Debug|x64.ActiveCfg = Debug|x64
		{71C12505-EEB0-4D91-BBD7-0287B5428395}.Debug|x64.Build.0 = Debug|x64
		{71C12505-EEB0-4D91-BBD7-0287B5428395}.Debug|x86.ActiveCfg = Debug|Win32
		{71C12505-EEB0-4D91-BBD7-0287B5428395}.Release|x64.ActiveCfg = Release|x64
		{71C12505-EEB0-4D91-BBD7-0287B5428395}.Release|x64.Build.0 = Release|x64
		{71C12505-EEB0-4D91-BBD7-0287B5428395}.Release|x86.ActiveCfg = Release|Win32
		{71C12505-EEB0-4D91-BBD7-0287B5428395}.Release|x86.Build.0 = Release|Win32
	EndGlobalSection
	GlobalSection(SolutionProperties) = preSolution
		HideSolutionNode = FALSE
	EndGlobalSection
EndGlobal
